// !$*UTF8*$!
{
	archiveVersion = 1;
	classes = {
	};
	objectVersion = 56;
	objects = {

/* Begin PBXBuildFile section */
		66AAC2AE2C7C1535005E54ED /* HotProspectsApp.swift in Sources */ = {isa = PBXBuildFile; fileRef = 66AAC2AD2C7C1535005E54ED /* HotProspectsApp.swift */; };
		66AAC2B02C7C1535005E54ED /* ContentView.swift in Sources */ = {isa = PBXBuildFile; fileRef = 66AAC2AF2C7C1535005E54ED /* ContentView.swift */; };
		66AAC2B22C7C1536005E54ED /* Assets.xcassets in Resources */ = {isa = PBXBuildFile; fileRef = 66AAC2B12C7C1536005E54ED /* Assets.xcassets */; };
		66AAC2B52C7C1536005E54ED /* Preview Assets.xcassets in Resources */ = {isa = PBXBuildFile; fileRef = 66AAC2B42C7C1536005E54ED /* Preview Assets.xcassets */; };
		66AAC2BC2C7C16B3005E54ED /* SelectItems.swift in Sources */ = {isa = PBXBuildFile; fileRef = 66AAC2BB2C7C16B3005E54ED /* SelectItems.swift */; };
		66AAC2BF2C7C1761005E54ED /* Tabs.swift in Sources */ = {isa = PBXBuildFile; fileRef = 66AAC2BE2C7C1761005E54ED /* Tabs.swift */; };
		66AAC2C12C7C942E005E54ED /* ResultType.swift in Sources */ = {isa = PBXBuildFile; fileRef = 66AAC2C02C7C942E005E54ED /* ResultType.swift */; };
		66AAC2C32C7C9767005E54ED /* ImageIInterpolation.swift in Sources */ = {isa = PBXBuildFile; fileRef = 66AAC2C22C7C9767005E54ED /* ImageIInterpolation.swift */; };
		66AAC2C52C7C989B005E54ED /* ContextMenus.swift in Sources */ = {isa = PBXBuildFile; fileRef = 66AAC2C42C7C989B005E54ED /* ContextMenus.swift */; };
		66AAC2C72C7C9B12005E54ED /* CustomRowActions.swift in Sources */ = {isa = PBXBuildFile; fileRef = 66AAC2C62C7C9B12005E54ED /* CustomRowActions.swift */; };
		66AAC2C92C7C9C68005E54ED /* SchedulingNotifications.swift in Sources */ = {isa = PBXBuildFile; fileRef = 66AAC2C82C7C9C68005E54ED /* SchedulingNotifications.swift */; };
		66AAC2CB2C7CA176005E54ED /* PackageDependencies.swift in Sources */ = {isa = PBXBuildFile; fileRef = 66AAC2CA2C7CA176005E54ED /* PackageDependencies.swift */; };
		66AAC2CE2C7CA224005E54ED /* SamplePackage in Frameworks */ = {isa = PBXBuildFile; productRef = 66AAC2CD2C7CA224005E54ED /* SamplePackage */; };
		66AAC2D02C7DA60A005E54ED /* ProspectsView.swift in Sources */ = {isa = PBXBuildFile; fileRef = 66AAC2CF2C7DA60A005E54ED /* ProspectsView.swift */; };
		66AAC2D22C7DA61F005E54ED /* MeView.swift in Sources */ = {isa = PBXBuildFile; fileRef = 66AAC2D12C7DA61F005E54ED /* MeView.swift */; };
		66AAC2D42C7DA8B8005E54ED /* Prospect.swift in Sources */ = {isa = PBXBuildFile; fileRef = 66AAC2D32C7DA8B8005E54ED /* Prospect.swift */; };
		66AAC2D72C7EA8BB005E54ED /* CodeScanner in Frameworks */ = {isa = PBXBuildFile; productRef = 66AAC2D62C7EA8BB005E54ED /* CodeScanner */; };
		66AAC2DB2C803215005E54ED /* EditiingView.swift in Sources */ = {isa = PBXBuildFile; fileRef = 66AAC2DA2C803214005E54ED /* EditiingView.swift */; };
		66AAC2DD2C8034D9005E54ED /* SortableProspectsView.swift in Sources */ = {isa = PBXBuildFile; fileRef = 66AAC2DC2C8034D9005E54ED /* SortableProspectsView.swift */; };
/* End PBXBuildFile section */

/* Begin PBXFileReference section */
		66AAC2AA2C7C1535005E54ED /* HotProspects.app */ = {isa = PBXFileReference; explicitFileType = wrapper.application; includeInIndex = 0; path = HotProspects.app; sourceTree = BUILT_PRODUCTS_DIR; };
		66AAC2AD2C7C1535005E54ED /* HotProspectsApp.swift */ = {isa = PBXFileReference; lastKnownFileType = sourcecode.swift; path = HotProspectsApp.swift; sourceTree = "<group>"; };
		66AAC2AF2C7C1535005E54ED /* ContentView.swift */ = {isa = PBXFileReference; lastKnownFileType = sourcecode.swift; path = ContentView.swift; sourceTree = "<group>"; };
		66AAC2B12C7C1536005E54ED /* Assets.xcassets */ = {isa = PBXFileReference; lastKnownFileType = folder.assetcatalog; path = Assets.xcassets; sourceTree = "<group>"; };
		66AAC2B42C7C1536005E54ED /* Preview Assets.xcassets */ = {isa = PBXFileReference; lastKnownFileType = folder.assetcatalog; path = "Preview Assets.xcassets"; sourceTree = "<group>"; };
		66AAC2BB2C7C16B3005E54ED /* SelectItems.swift */ = {isa = PBXFileReference; lastKnownFileType = sourcecode.swift; path = SelectItems.swift; sourceTree = "<group>"; };
		66AAC2BE2C7C1761005E54ED /* Tabs.swift */ = {isa = PBXFileReference; lastKnownFileType = sourcecode.swift; path = Tabs.swift; sourceTree = "<group>"; };
		66AAC2C02C7C942E005E54ED /* ResultType.swift */ = {isa = PBXFileReference; lastKnownFileType = sourcecode.swift; path = ResultType.swift; sourceTree = "<group>"; };
		66AAC2C22C7C9767005E54ED /* ImageIInterpolation.swift */ = {isa = PBXFileReference; lastKnownFileType = sourcecode.swift; path = ImageIInterpolation.swift; sourceTree = "<group>"; };
		66AAC2C42C7C989B005E54ED /* ContextMenus.swift */ = {isa = PBXFileReference; lastKnownFileType = sourcecode.swift; path = ContextMenus.swift; sourceTree = "<group>"; };
		66AAC2C62C7C9B12005E54ED /* CustomRowActions.swift */ = {isa = PBXFileReference; lastKnownFileType = sourcecode.swift; path = CustomRowActions.swift; sourceTree = "<group>"; };
		66AAC2C82C7C9C68005E54ED /* SchedulingNotifications.swift */ = {isa = PBXFileReference; lastKnownFileType = sourcecode.swift; path = SchedulingNotifications.swift; sourceTree = "<group>"; };
		66AAC2CA2C7CA176005E54ED /* PackageDependencies.swift */ = {isa = PBXFileReference; lastKnownFileType = sourcecode.swift; path = PackageDependencies.swift; sourceTree = "<group>"; };
		66AAC2CF2C7DA60A005E54ED /* ProspectsView.swift */ = {isa = PBXFileReference; lastKnownFileType = sourcecode.swift; path = ProspectsView.swift; sourceTree = "<group>"; };
		66AAC2D12C7DA61F005E54ED /* MeView.swift */ = {isa = PBXFileReference; lastKnownFileType = sourcecode.swift; path = MeView.swift; sourceTree = "<group>"; };
		66AAC2D32C7DA8B8005E54ED /* Prospect.swift */ = {isa = PBXFileReference; lastKnownFileType = sourcecode.swift; path = Prospect.swift; sourceTree = "<group>"; };
		66AAC2DA2C803214005E54ED /* EditiingView.swift */ = {isa = PBXFileReference; lastKnownFileType = sourcecode.swift; path = EditiingView.swift; sourceTree = "<group>"; };
		66AAC2DC2C8034D9005E54ED /* SortableProspectsView.swift */ = {isa = PBXFileReference; lastKnownFileType = sourcecode.swift; path = SortableProspectsView.swift; sourceTree = "<group>"; };
/* End PBXFileReference section */

/* Begin PBXFrameworksBuildPhase section */
		66AAC2A72C7C1535005E54ED /* Frameworks */ = {
			isa = PBXFrameworksBuildPhase;
			buildActionMask = 2147483647;
			files = (
				66AAC2D72C7EA8BB005E54ED /* CodeScanner in Frameworks */,
				66AAC2CE2C7CA224005E54ED /* SamplePackage in Frameworks */,
			);
			runOnlyForDeploymentPostprocessing = 0;
		};
/* End PBXFrameworksBuildPhase section */

/* Begin PBXGroup section */
		66AAC2A12C7C1535005E54ED = {
			isa = PBXGroup;
			children = (
				66AAC2AC2C7C1535005E54ED /* HotProspects */,
				66AAC2AB2C7C1535005E54ED /* Products */,
			);
			sourceTree = "<group>";
		};
		66AAC2AB2C7C1535005E54ED /* Products */ = {
			isa = PBXGroup;
			children = (
				66AAC2AA2C7C1535005E54ED /* HotProspects.app */,
			);
			name = Products;
			sourceTree = "<group>";
		};
		66AAC2AC2C7C1535005E54ED /* HotProspects */ = {
			isa = PBXGroup;
			children = (
				66AAC2AD2C7C1535005E54ED /* HotProspectsApp.swift */,
				66AAC2AF2C7C1535005E54ED /* ContentView.swift */,
				66AAC2DC2C8034D9005E54ED /* SortableProspectsView.swift */,
				66AAC2CF2C7DA60A005E54ED /* ProspectsView.swift */,
				66AAC2DA2C803214005E54ED /* EditiingView.swift */,
				66AAC2D12C7DA61F005E54ED /* MeView.swift */,
				66AAC2D32C7DA8B8005E54ED /* Prospect.swift */,
				66AAC2BD2C7C16B9005E54ED /* Demos */,
				66AAC2B12C7C1536005E54ED /* Assets.xcassets */,
				66AAC2B32C7C1536005E54ED /* Preview Content */,
			);
			path = HotProspects;
			sourceTree = "<group>";
		};
		66AAC2B32C7C1536005E54ED /* Preview Content */ = {
			isa = PBXGroup;
			children = (
				66AAC2B42C7C1536005E54ED /* Preview Assets.xcassets */,
			);
			path = "Preview Content";
			sourceTree = "<group>";
		};
		66AAC2BD2C7C16B9005E54ED /* Demos */ = {
			isa = PBXGroup;
			children = (
				66AAC2C22C7C9767005E54ED /* ImageIInterpolation.swift */,
				66AAC2C42C7C989B005E54ED /* ContextMenus.swift */,
				66AAC2C62C7C9B12005E54ED /* CustomRowActions.swift */,
				66AAC2C82C7C9C68005E54ED /* SchedulingNotifications.swift */,
				66AAC2CA2C7CA176005E54ED /* PackageDependencies.swift */,
				66AAC2C02C7C942E005E54ED /* ResultType.swift */,
				66AAC2BB2C7C16B3005E54ED /* SelectItems.swift */,
				66AAC2BE2C7C1761005E54ED /* Tabs.swift */,
			);
			path = Demos;
			sourceTree = "<group>";
		};
/* End PBXGroup section */

/* Begin PBXNativeTarget section */
		66AAC2A92C7C1535005E54ED /* HotProspects */ = {
			isa = PBXNativeTarget;
			buildConfigurationList = 66AAC2B82C7C1536005E54ED /* Build configuration list for PBXNativeTarget "HotProspects" */;
			buildPhases = (
				66AAC2A62C7C1535005E54ED /* Sources */,
				66AAC2A72C7C1535005E54ED /* Frameworks */,
				66AAC2A82C7C1535005E54ED /* Resources */,
			);
			buildRules = (
			);
			dependencies = (
			);
			name = HotProspects;
			packageProductDependencies = (
				66AAC2CD2C7CA224005E54ED /* SamplePackage */,
				66AAC2D62C7EA8BB005E54ED /* CodeScanner */,
			);
			productName = HotProspects;
			productReference = 66AAC2AA2C7C1535005E54ED /* HotProspects.app */;
			productType = "com.apple.product-type.application";
		};
/* End PBXNativeTarget section */

/* Begin PBXProject section */
		66AAC2A22C7C1535005E54ED /* Project object */ = {
			isa = PBXProject;
			attributes = {
				BuildIndependentTargetsInParallel = 1;
				LastSwiftUpdateCheck = 1540;
				LastUpgradeCheck = 1540;
				TargetAttributes = {
					66AAC2A92C7C1535005E54ED = {
						CreatedOnToolsVersion = 15.4;
					};
				};
			};
			buildConfigurationList = 66AAC2A52C7C1535005E54ED /* Build configuration list for PBXProject "HotProspects" */;
			compatibilityVersion = "Xcode 14.0";
			developmentRegion = en;
			hasScannedForEncodings = 0;
			knownRegions = (
				en,
				Base,
			);
			mainGroup = 66AAC2A12C7C1535005E54ED;
			packageReferences = (
				66AAC2CC2C7CA224005E54ED /* XCRemoteSwiftPackageReference "SamplePackage" */,
				66AAC2D52C7EA8BB005E54ED /* XCRemoteSwiftPackageReference "CodeScanner" */,
			);
			productRefGroup = 66AAC2AB2C7C1535005E54ED /* Products */;
			projectDirPath = "";
			projectRoot = "";
			targets = (
				66AAC2A92C7C1535005E54ED /* HotProspects */,
			);
		};
/* End PBXProject section */

/* Begin PBXResourcesBuildPhase section */
		66AAC2A82C7C1535005E54ED /* Resources */ = {
			isa = PBXResourcesBuildPhase;
			buildActionMask = 2147483647;
			files = (
				66AAC2B52C7C1536005E54ED /* Preview Assets.xcassets in Resources */,
				66AAC2B22C7C1536005E54ED /* Assets.xcassets in Resources */,
			);
			runOnlyForDeploymentPostprocessing = 0;
		};
/* End PBXResourcesBuildPhase section */

/* Begin PBXSourcesBuildPhase section */
		66AAC2A62C7C1535005E54ED /* Sources */ = {
			isa = PBXSourcesBuildPhase;
			buildActionMask = 2147483647;
			files = (
				66AAC2D22C7DA61F005E54ED /* MeView.swift in Sources */,
				66AAC2DD2C8034D9005E54ED /* SortableProspectsView.swift in Sources */,
				66AAC2C12C7C942E005E54ED /* ResultType.swift in Sources */,
				66AAC2B02C7C1535005E54ED /* ContentView.swift in Sources */,
				66AAC2D42C7DA8B8005E54ED /* Prospect.swift in Sources */,
				66AAC2BC2C7C16B3005E54ED /* SelectItems.swift in Sources */,
				66AAC2DB2C803215005E54ED /* EditiingView.swift in Sources */,
				66AAC2AE2C7C1535005E54ED /* HotProspectsApp.swift in Sources */,
				66AAC2C92C7C9C68005E54ED /* SchedulingNotifications.swift in Sources */,
				66AAC2C32C7C9767005E54ED /* ImageIInterpolation.swift in Sources */,
				66AAC2C72C7C9B12005E54ED /* CustomRowActions.swift in Sources */,
				66AAC2CB2C7CA176005E54ED /* PackageDependencies.swift in Sources */,
				66AAC2C52C7C989B005E54ED /* ContextMenus.swift in Sources */,
				66AAC2D02C7DA60A005E54ED /* ProspectsView.swift in Sources */,
				66AAC2BF2C7C1761005E54ED /* Tabs.swift in Sources */,
			);
			runOnlyForDeploymentPostprocessing = 0;
		};
/* End PBXSourcesBuildPhase section */

/* Begin XCBuildConfiguration section */
		66AAC2B62C7C1536005E54ED /* Debug */ = {
			isa = XCBuildConfiguration;
			buildSettings = {
				ALWAYS_SEARCH_USER_PATHS = NO;
				ASSETCATALOG_COMPILER_GENERATE_SWIFT_ASSET_SYMBOL_EXTENSIONS = YES;
				CLANG_ANALYZER_NONNULL = YES;
				CLANG_ANALYZER_NUMBER_OBJECT_CONVERSION = YES_AGGRESSIVE;
				CLANG_CXX_LANGUAGE_STANDARD = "gnu++20";
				CLANG_ENABLE_MODULES = YES;
				CLANG_ENABLE_OBJC_ARC = YES;
				CLANG_ENABLE_OBJC_WEAK = YES;
				CLANG_WARN_BLOCK_CAPTURE_AUTORELEASING = YES;
				CLANG_WARN_BOOL_CONVERSION = YES;
				CLANG_WARN_COMMA = YES;
				CLANG_WARN_CONSTANT_CONVERSION = YES;
				CLANG_WARN_DEPRECATED_OBJC_IMPLEMENTATIONS = YES;
				CLANG_WARN_DIRECT_OBJC_ISA_USAGE = YES_ERROR;
				CLANG_WARN_DOCUMENTATION_COMMENTS = YES;
				CLANG_WARN_EMPTY_BODY = YES;
				CLANG_WARN_ENUM_CONVERSION = YES;
				CLANG_WARN_INFINITE_RECURSION = YES;
				CLANG_WARN_INT_CONVERSION = YES;
				CLANG_WARN_NON_LITERAL_NULL_CONVERSION = YES;
				CLANG_WARN_OBJC_IMPLICIT_RETAIN_SELF = YES;
				CLANG_WARN_OBJC_LITERAL_CONVERSION = YES;
				CLANG_WARN_OBJC_ROOT_CLASS = YES_ERROR;
				CLANG_WARN_QUOTED_INCLUDE_IN_FRAMEWORK_HEADER = YES;
				CLANG_WARN_RANGE_LOOP_ANALYSIS = YES;
				CLANG_WARN_STRICT_PROTOTYPES = YES;
				CLANG_WARN_SUSPICIOUS_MOVE = YES;
				CLANG_WARN_UNGUARDED_AVAILABILITY = YES_AGGRESSIVE;
				CLANG_WARN_UNREACHABLE_CODE = YES;
				CLANG_WARN__DUPLICATE_METHOD_MATCH = YES;
				COPY_PHASE_STRIP = NO;
				DEBUG_INFORMATION_FORMAT = dwarf;
				ENABLE_STRICT_OBJC_MSGSEND = YES;
				ENABLE_TESTABILITY = YES;
				ENABLE_USER_SCRIPT_SANDBOXING = YES;
				GCC_C_LANGUAGE_STANDARD = gnu17;
				GCC_DYNAMIC_NO_PIC = NO;
				GCC_NO_COMMON_BLOCKS = YES;
				GCC_OPTIMIZATION_LEVEL = 0;
				GCC_PREPROCESSOR_DEFINITIONS = (
					"DEBUG=1",
					"$(inherited)",
				);
				GCC_WARN_64_TO_32_BIT_CONVERSION = YES;
				GCC_WARN_ABOUT_RETURN_TYPE = YES_ERROR;
				GCC_WARN_UNDECLARED_SELECTOR = YES;
				GCC_WARN_UNINITIALIZED_AUTOS = YES_AGGRESSIVE;
				GCC_WARN_UNUSED_FUNCTION = YES;
				GCC_WARN_UNUSED_VARIABLE = YES;
				IPHONEOS_DEPLOYMENT_TARGET = 17.5;
				LOCALIZATION_PREFERS_STRING_CATALOGS = YES;
				MTL_ENABLE_DEBUG_INFO = INCLUDE_SOURCE;
				MTL_FAST_MATH = YES;
				ONLY_ACTIVE_ARCH = YES;
				SDKROOT = iphoneos;
				SWIFT_ACTIVE_COMPILATION_CONDITIONS = "DEBUG $(inherited)";
				SWIFT_OPTIMIZATION_LEVEL = "-Onone";
			};
			name = Debug;
		};
		66AAC2B72C7C1536005E54ED /* Release */ = {
			isa = XCBuildConfiguration;
			buildSettings = {
				ALWAYS_SEARCH_USER_PATHS = NO;
				ASSETCATALOG_COMPILER_GENERATE_SWIFT_ASSET_SYMBOL_EXTENSIONS = YES;
				CLANG_ANALYZER_NONNULL = YES;
				CLANG_ANALYZER_NUMBER_OBJECT_CONVERSION = YES_AGGRESSIVE;
				CLANG_CXX_LANGUAGE_STANDARD = "gnu++20";
				CLANG_ENABLE_MODULES = YES;
				CLANG_ENABLE_OBJC_ARC = YES;
				CLANG_ENABLE_OBJC_WEAK = YES;
				CLANG_WARN_BLOCK_CAPTURE_AUTORELEASING = YES;
				CLANG_WARN_BOOL_CONVERSION = YES;
				CLANG_WARN_COMMA = YES;
				CLANG_WARN_CONSTANT_CONVERSION = YES;
				CLANG_WARN_DEPRECATED_OBJC_IMPLEMENTATIONS = YES;
				CLANG_WARN_DIRECT_OBJC_ISA_USAGE = YES_ERROR;
				CLANG_WARN_DOCUMENTATION_COMMENTS = YES;
				CLANG_WARN_EMPTY_BODY = YES;
				CLANG_WARN_ENUM_CONVERSION = YES;
				CLANG_WARN_INFINITE_RECURSION = YES;
				CLANG_WARN_INT_CONVERSION = YES;
				CLANG_WARN_NON_LITERAL_NULL_CONVERSION = YES;
				CLANG_WARN_OBJC_IMPLICIT_RETAIN_SELF = YES;
				CLANG_WARN_OBJC_LITERAL_CONVERSION = YES;
				CLANG_WARN_OBJC_ROOT_CLASS = YES_ERROR;
				CLANG_WARN_QUOTED_INCLUDE_IN_FRAMEWORK_HEADER = YES;
				CLANG_WARN_RANGE_LOOP_ANALYSIS = YES;
				CLANG_WARN_STRICT_PROTOTYPES = YES;
				CLANG_WARN_SUSPICIOUS_MOVE = YES;
				CLANG_WARN_UNGUARDED_AVAILABILITY = YES_AGGRESSIVE;
				CLANG_WARN_UNREACHABLE_CODE = YES;
				CLANG_WARN__DUPLICATE_METHOD_MATCH = YES;
				COPY_PHASE_STRIP = NO;
				DEBUG_INFORMATION_FORMAT = "dwarf-with-dsym";
				ENABLE_NS_ASSERTIONS = NO;
				ENABLE_STRICT_OBJC_MSGSEND = YES;
				ENABLE_USER_SCRIPT_SANDBOXING = YES;
				GCC_C_LANGUAGE_STANDARD = gnu17;
				GCC_NO_COMMON_BLOCKS = YES;
				GCC_WARN_64_TO_32_BIT_CONVERSION = YES;
				GCC_WARN_ABOUT_RETURN_TYPE = YES_ERROR;
				GCC_WARN_UNDECLARED_SELECTOR = YES;
				GCC_WARN_UNINITIALIZED_AUTOS = YES_AGGRESSIVE;
				GCC_WARN_UNUSED_FUNCTION = YES;
				GCC_WARN_UNUSED_VARIABLE = YES;
				IPHONEOS_DEPLOYMENT_TARGET = 17.5;
				LOCALIZATION_PREFERS_STRING_CATALOGS = YES;
				MTL_ENABLE_DEBUG_INFO = NO;
				MTL_FAST_MATH = YES;
				SDKROOT = iphoneos;
				SWIFT_COMPILATION_MODE = wholemodule;
				VALIDATE_PRODUCT = YES;
			};
			name = Release;
		};
		66AAC2B92C7C1536005E54ED /* Debug */ = {
			isa = XCBuildConfiguration;
			buildSettings = {
				ASSETCATALOG_COMPILER_APPICON_NAME = AppIcon;
				ASSETCATALOG_COMPILER_GLOBAL_ACCENT_COLOR_NAME = AccentColor;
				CODE_SIGN_STYLE = Automatic;
				CURRENT_PROJECT_VERSION = 1;
				DEVELOPMENT_ASSET_PATHS = "\"HotProspects/Preview Content\"";
				DEVELOPMENT_TEAM = LCB8NQV3VV;
				ENABLE_PREVIEWS = YES;
				GENERATE_INFOPLIST_FILE = YES;
				INFOPLIST_KEY_NSCameraUsageDescription = "We need to scan QR Codes";
				INFOPLIST_KEY_NSPhotoLibraryUsageDescription = "We want to save your QR Code";
				INFOPLIST_KEY_UIApplicationSceneManifest_Generation = YES;
				INFOPLIST_KEY_UIApplicationSupportsIndirectInputEvents = YES;
				INFOPLIST_KEY_UILaunchScreen_Generation = YES;
				INFOPLIST_KEY_UISupportedInterfaceOrientations_iPad = "UIInterfaceOrientationPortrait UIInterfaceOrientationPortraitUpsideDown UIInterfaceOrientationLandscapeLeft UIInterfaceOrientationLandscapeRight";
				INFOPLIST_KEY_UISupportedInterfaceOrientations_iPhone = "UIInterfaceOrientationPortrait UIInterfaceOrientationLandscapeLeft UIInterfaceOrientationLandscapeRight";
				LD_RUNPATH_SEARCH_PATHS = (
					"$(inherited)",
					"@executable_path/Frameworks",
				);
				MARKETING_VERSION = 1.0;
				PRODUCT_BUNDLE_IDENTIFIER = sayerft.HotProspects;
				PRODUCT_NAME = "$(TARGET_NAME)";
				SWIFT_EMIT_LOC_STRINGS = YES;
				SWIFT_VERSION = 5.0;
				TARGETED_DEVICE_FAMILY = "1,2";
			};
			name = Debug;
		};
		66AAC2BA2C7C1536005E54ED /* Release */ = {
			isa = XCBuildConfiguration;
			buildSettings = {
				ASSETCATALOG_COMPILER_APPICON_NAME = AppIcon;
				ASSETCATALOG_COMPILER_GLOBAL_ACCENT_COLOR_NAME = AccentColor;
				CODE_SIGN_STYLE = Automatic;
				CURRENT_PROJECT_VERSION = 1;
				DEVELOPMENT_ASSET_PATHS = "\"HotProspects/Preview Content\"";
				DEVELOPMENT_TEAM = LCB8NQV3VV;
				ENABLE_PREVIEWS = YES;
				GENERATE_INFOPLIST_FILE = YES;
				INFOPLIST_KEY_NSCameraUsageDescription = "We need to scan QR Codes";
				INFOPLIST_KEY_NSPhotoLibraryUsageDescription = "We want to save your QR Code";
				INFOPLIST_KEY_UIApplicationSceneManifest_Generation = YES;
				INFOPLIST_KEY_UIApplicationSupportsIndirectInputEvents = YES;
				INFOPLIST_KEY_UILaunchScreen_Generation = YES;
				INFOPLIST_KEY_UISupportedInterfaceOrientations_iPad = "UIInterfaceOrientationPortrait UIInterfaceOrientationPortraitUpsideDown UIInterfaceOrientationLandscapeLeft UIInterfaceOrientationLandscapeRight";
				INFOPLIST_KEY_UISupportedInterfaceOrientations_iPhone = "UIInterfaceOrientationPortrait UIInterfaceOrientationLandscapeLeft UIInterfaceOrientationLandscapeRight";
				LD_RUNPATH_SEARCH_PATHS = (
					"$(inherited)",
					"@executable_path/Frameworks",
				);
				MARKETING_VERSION = 1.0;
				PRODUCT_BUNDLE_IDENTIFIER = sayerft.HotProspects;
				PRODUCT_NAME = "$(TARGET_NAME)";
				SWIFT_EMIT_LOC_STRINGS = YES;
				SWIFT_VERSION = 5.0;
				TARGETED_DEVICE_FAMILY = "1,2";
			};
			name = Release;
		};
/* End XCBuildConfiguration section */

/* Begin XCConfigurationList section */
		66AAC2A52C7C1535005E54ED /* Build configuration list for PBXProject "HotProspects" */ = {
			isa = XCConfigurationList;
			buildConfigurations = (
				66AAC2B62C7C1536005E54ED /* Debug */,
				66AAC2B72C7C1536005E54ED /* Release */,
			);
			defaultConfigurationIsVisible = 0;
			defaultConfigurationName = Release;
		};
		66AAC2B82C7C1536005E54ED /* Build configuration list for PBXNativeTarget "HotProspects" */ = {
			isa = XCConfigurationList;
			buildConfigurations = (
				66AAC2B92C7C1536005E54ED /* Debug */,
				66AAC2BA2C7C1536005E54ED /* Release */,
			);
			defaultConfigurationIsVisible = 0;
			defaultConfigurationName = Release;
		};
/* End XCConfigurationList section */

/* Begin XCRemoteSwiftPackageReference section */
		66AAC2CC2C7CA224005E54ED /* XCRemoteSwiftPackageReference "SamplePackage" */ = {
			isa = XCRemoteSwiftPackageReference;
			repositoryURL = "https://github.com/twostraws/SamplePackage";
			requirement = {
				kind = upToNextMajorVersion;
				minimumVersion = 1.0.0;
			};
		};
		66AAC2D52C7EA8BB005E54ED /* XCRemoteSwiftPackageReference "CodeScanner" */ = {
			isa = XCRemoteSwiftPackageReference;
			repositoryURL = "https://github.com/twostraws/CodeScanner";
			requirement = {
				kind = upToNextMajorVersion;
				minimumVersion = 2.5.0;
			};
		};
/* End XCRemoteSwiftPackageReference section */

/* Begin XCSwiftPackageProductDependency section */
		66AAC2CD2C7CA224005E54ED /* SamplePackage */ = {
			isa = XCSwiftPackageProductDependency;
			package = 66AAC2CC2C7CA224005E54ED /* XCRemoteSwiftPackageReference "SamplePackage" */;
			productName = SamplePackage;
		};
		66AAC2D62C7EA8BB005E54ED /* CodeScanner */ = {
			isa = XCSwiftPackageProductDependency;
			package = 66AAC2D52C7EA8BB005E54ED /* XCRemoteSwiftPackageReference "CodeScanner" */;
			productName = CodeScanner;
		};
/* End XCSwiftPackageProductDependency section */
	};
	rootObject = 66AAC2A22C7C1535005E54ED /* Project object */;
}
